
Microsoft Visual Studio Solution File, Format Version 12.00
# Visual Studio Version 17
VisualStudioVersion = 17.9.34728.123
MinimumVisualStudioVersion = 10.0.40219.1
Project("{FAE04EC0-301F-11D3-BF4B-00C04F79EFBC}") = "Kolekcje", "Kolekcje\Kolekcje.csproj", "{F145CB92-F22B-47F0-A420-4777E8806EDF}"
EndProject
Global
	GlobalSection(SolutionConfigurationPlatforms) = preSolution
		Debug|Any CPU = Debug|Any CPU
		Release|Any CPU = Release|Any CPU
	EndGlobalSection
	GlobalSection(ProjectConfigurationPlatforms) = postSolution
		{F145CB92-F22B-47F0-A420-4777E8806EDF}.Debug|Any CPU.ActiveCfg = Debug|Any CPU
		{F145CB92-F22B-47F0-A420-4777E8806EDF}.Debug|Any CPU.Build.0 = Debug|Any CPU
		{F145CB92-F22B-47F0-A420-4777E8806EDF}.Debug|Any CPU.Deploy.0 = Debug|Any CPU
		{F145CB92-F22B-47F0-A420-4777E8806EDF}.Release|Any CPU.ActiveCfg = Release|Any CPU
		{F145CB92-F22B-47F0-A420-4777E8806EDF}.Release|Any CPU.Build.0 = Release|Any CPU
		{F145CB92-F22B-47F0-A420-4777E8806EDF}.Release|Any CPU.Deploy.0 = Release|Any CPU
	EndGlobalSection
	GlobalSection(SolutionProperties) = preSolution
		HideSolutionNode = FALSE
	EndGlobalSection
	GlobalSection(ExtensibilityGlobals) = postSolution
		SolutionGuid = {9DE43FB2-D492-43CE-887B-A3DBEFB6D146}
	EndGlobalSection
EndGlobal
